<Solution>
  <Folder Name="/Éléments de solution/">
    <File Path=".github/workflows/ci-cd.yml" />
    <File Path="docker-compose.yml" />
  </Folder>
  <Project Path="NotificationService.Tests/NotificationService.Tests.csproj" />
  <Project Path="NotificationService/NotificationService.csproj" />
  <Project Path="Producer/Producer.csproj" />
</Solution>
